
Microsoft Visual Studio Solution File, Format Version 12.00
Project("{2150E333-8FDC-42A3-9474-1A3956D46DE8}") = "src", "src", "{AD56E944-3CEB-4B18-A224-4955070450D8}"
EndProject
Project("{FAE04EC0-301F-11D3-BF4B-00C04F79EFBC}") = "Cryptocurrencies.Infrastructure", "src\Cryptocurrencies.Infrastructure\Cryptocurrencies.Infrastructure.csproj", "{38BC045E-1CF0-4B82-BADA-998B806287EE}"
EndProject
Project("{FAE04EC0-301F-11D3-BF4B-00C04F79EFBC}") = "Cryptocurrencies.Contracts", "src\Cryptocurrencies.Contracts\Cryptocurrencies.Contracts.csproj", "{BBB20CAD-68C1-4067-9EAC-1B83B357D058}"
EndProject
Project("{FAE04EC0-301F-11D3-BF4B-00C04F79EFBC}") = "Cryptocurrencies.Application", "src\Cryptocurrencies.Application\Cryptocurrencies.Application.csproj", "{C0EC4B3F-A720-4CF3-99B4-84CADB040720}"
EndProject
Project("{FAE04EC0-301F-11D3-BF4B-00C04F79EFBC}") = "Cryptocurrencies.DesktopUi", "src\Cryptocurrencies.DesktopUi\Cryptocurrencies.DesktopUi.csproj", "{5CDD49CE-8D9C-4F08-9DAD-E0C50D51CBDD}"
EndProject
Global
	GlobalSection(SolutionConfigurationPlatforms) = preSolution
		Debug|Any CPU = Debug|Any CPU
		Release|Any CPU = Release|Any CPU
	EndGlobalSection
	GlobalSection(NestedProjects) = preSolution
		{38BC045E-1CF0-4B82-BADA-998B806287EE} = {AD56E944-3CEB-4B18-A224-4955070450D8}
		{BBB20CAD-68C1-4067-9EAC-1B83B357D058} = {AD56E944-3CEB-4B18-A224-4955070450D8}
		{C0EC4B3F-A720-4CF3-99B4-84CADB040720} = {AD56E944-3CEB-4B18-A224-4955070450D8}
		{5CDD49CE-8D9C-4F08-9DAD-E0C50D51CBDD} = {AD56E944-3CEB-4B18-A224-4955070450D8}
	EndGlobalSection
	GlobalSection(ProjectConfigurationPlatforms) = postSolution
		{38BC045E-1CF0-4B82-BADA-998B806287EE}.Debug|Any CPU.ActiveCfg = Debug|Any CPU
		{38BC045E-1CF0-4B82-BADA-998B806287EE}.Debug|Any CPU.Build.0 = Debug|Any CPU
		{38BC045E-1CF0-4B82-BADA-998B806287EE}.Release|Any CPU.ActiveCfg = Release|Any CPU
		{38BC045E-1CF0-4B82-BADA-998B806287EE}.Release|Any CPU.Build.0 = Release|Any CPU
		{BBB20CAD-68C1-4067-9EAC-1B83B357D058}.Debug|Any CPU.ActiveCfg = Debug|Any CPU
		{BBB20CAD-68C1-4067-9EAC-1B83B357D058}.Debug|Any CPU.Build.0 = Debug|Any CPU
		{BBB20CAD-68C1-4067-9EAC-1B83B357D058}.Release|Any CPU.ActiveCfg = Release|Any CPU
		{BBB20CAD-68C1-4067-9EAC-1B83B357D058}.Release|Any CPU.Build.0 = Release|Any CPU
		{C0EC4B3F-A720-4CF3-99B4-84CADB040720}.Debug|Any CPU.ActiveCfg = Debug|Any CPU
		{C0EC4B3F-A720-4CF3-99B4-84CADB040720}.Debug|Any CPU.Build.0 = Debug|Any CPU
		{C0EC4B3F-A720-4CF3-99B4-84CADB040720}.Release|Any CPU.ActiveCfg = Release|Any CPU
		{C0EC4B3F-A720-4CF3-99B4-84CADB040720}.Release|Any CPU.Build.0 = Release|Any CPU
		{5CDD49CE-8D9C-4F08-9DAD-E0C50D51CBDD}.Debug|Any CPU.ActiveCfg = Debug|Any CPU
		{5CDD49CE-8D9C-4F08-9DAD-E0C50D51CBDD}.Debug|Any CPU.Build.0 = Debug|Any CPU
		{5CDD49CE-8D9C-4F08-9DAD-E0C50D51CBDD}.Release|Any CPU.ActiveCfg = Release|Any CPU
		{5CDD49CE-8D9C-4F08-9DAD-E0C50D51CBDD}.Release|Any CPU.Build.0 = Release|Any CPU
	EndGlobalSection
EndGlobal
